// !$*UTF8*$!
{
	archiveVersion = 1;
	classes = {
	};
	objectVersion = 46;
	objects = {

/* Begin PBXBuildFile section */
		297E11BD1986EC4700C95768 /* logo.png in Resources */ = {isa = PBXBuildFile; fileRef = 297E11AB1986EC4700C95768 /* logo.png */; };
		297E11BE1986EC4700C95768 /* cold0.png in Resources */ = {isa = PBXBuildFile; fileRef = 297E11AC1986EC4700C95768 /* cold0.png */; };
		297E11BF1986EC4700C95768 /* cold1.png in Resources */ = {isa = PBXBuildFile; fileRef = 297E11AD1986EC4700C95768 /* cold1.png */; };
		297E11C01986EC4700C95768 /* hot0.png in Resources */ = {isa = PBXBuildFile; fileRef = 297E11AE1986EC4700C95768 /* hot0.png */; };
		297E11C11986EC4700C95768 /* hot1.png in Resources */ = {isa = PBXBuildFile; fileRef = 297E11AF1986EC4700C95768 /* hot1.png */; };
		297E11C21986EC4700C95768 /* cool0.png in Resources */ = {isa = PBXBuildFile; fileRef = 297E11B01986EC4700C95768 /* cool0.png */; };
		297E11C31986EC4700C95768 /* ok0.png in Resources */ = {isa = PBXBuildFile; fileRef = 297E11B11986EC4700C95768 /* ok0.png */; };
		297E11C41986EC4700C95768 /* warm0.png in Resources */ = {isa = PBXBuildFile; fileRef = 297E11B21986EC4700C95768 /* warm0.png */; };
		297E11C51986EC4700C95768 /* ok1.png in Resources */ = {isa = PBXBuildFile; fileRef = 297E11B31986EC4700C95768 /* ok1.png */; };
		297E11C61986EC4700C95768 /* cool1.png in Resources */ = {isa = PBXBuildFile; fileRef = 297E11B41986EC4700C95768 /* cool1.png */; };
		297E11C71986EC4700C95768 /* warm1.png in Resources */ = {isa = PBXBuildFile; fileRef = 297E11B51986EC4700C95768 /* warm1.png */; };
		297E11C81986EC4700C95768 /* hot2.png in Resources */ = {isa = PBXBuildFile; fileRef = 297E11B61986EC4700C95768 /* hot2.png */; };
		297E11C91986EC4700C95768 /* warm2.png in Resources */ = {isa = PBXBuildFile; fileRef = 297E11B71986EC4700C95768 /* warm2.png */; };
		297E11CA1986EC4700C95768 /* cool2.png in Resources */ = {isa = PBXBuildFile; fileRef = 297E11B81986EC4700C95768 /* cool2.png */; };
		297E11CB1986EC4700C95768 /* cold2.png in Resources */ = {isa = PBXBuildFile; fileRef = 297E11B91986EC4700C95768 /* cold2.png */; };
		297E11CC1986EC4700C95768 /* ok2.png in Resources */ = {isa = PBXBuildFile; fileRef = 297E11BA1986EC4700C95768 /* ok2.png */; };
		297E11CD1986EC4700C95768 /* Power_Button.png in Resources */ = {isa = PBXBuildFile; fileRef = 297E11BB1986EC4700C95768 /* Power_Button.png */; };
		297E11CE1986EC4700C95768 /* Burger_Button.png in Resources */ = {isa = PBXBuildFile; fileRef = 297E11BC1986EC4700C95768 /* Burger_Button.png */; };
		29935F05197894E1008C67D9 /* Settings.bundle in Resources */ = {isa = PBXBuildFile; fileRef = 29935F04197894E1008C67D9 /* Settings.bundle */; };
		29DC39CC1976E5B70028B541 /* Foundation.framework in Frameworks */ = {isa = PBXBuildFile; fileRef = 29DC39CB1976E5B70028B541 /* Foundation.framework */; };
		29DC39CE1976E5B70028B541 /* CoreGraphics.framework in Frameworks */ = {isa = PBXBuildFile; fileRef = 29DC39CD1976E5B70028B541 /* CoreGraphics.framework */; };
		29DC39D01976E5B70028B541 /* UIKit.framework in Frameworks */ = {isa = PBXBuildFile; fileRef = 29DC39CF1976E5B70028B541 /* UIKit.framework */; };
		29DC39D61976E5B70028B541 /* InfoPlist.strings in Resources */ = {isa = PBXBuildFile; fileRef = 29DC39D41976E5B70028B541 /* InfoPlist.strings */; };
		29DC39D81976E5B70028B541 /* main.m in Sources */ = {isa = PBXBuildFile; fileRef = 29DC39D71976E5B70028B541 /* main.m */; };
		29DC39DC1976E5B70028B541 /* ShelfAppDelegate.m in Sources */ = {isa = PBXBuildFile; fileRef = 29DC39DB1976E5B70028B541 /* ShelfAppDelegate.m */; };
		29DC39DE1976E5B70028B541 /* Images.xcassets in Resources */ = {isa = PBXBuildFile; fileRef = 29DC39DD1976E5B70028B541 /* Images.xcassets */; };
		29DC39E51976E5B70028B541 /* XCTest.framework in Frameworks */ = {isa = PBXBuildFile; fileRef = 29DC39E41976E5B70028B541 /* XCTest.framework */; };
		29DC39E61976E5B70028B541 /* Foundation.framework in Frameworks */ = {isa = PBXBuildFile; fileRef = 29DC39CB1976E5B70028B541 /* Foundation.framework */; };
		29DC39E71976E5B70028B541 /* UIKit.framework in Frameworks */ = {isa = PBXBuildFile; fileRef = 29DC39CF1976E5B70028B541 /* UIKit.framework */; };
		29DC39EF1976E5B70028B541 /* InfoPlist.strings in Resources */ = {isa = PBXBuildFile; fileRef = 29DC39ED1976E5B70028B541 /* InfoPlist.strings */; };
		29DC39F11976E5B70028B541 /* ShelfTests.m in Sources */ = {isa = PBXBuildFile; fileRef = 29DC39F01976E5B70028B541 /* ShelfTests.m */; };
		29DC39FC1976E5DF0028B541 /* ShelfHomeViewController.xib in Resources */ = {isa = PBXBuildFile; fileRef = 29DC39FA1976E5DF0028B541 /* ShelfHomeViewController.xib */; };
		29DC39FF1976E5E90028B541 /* TempBook.m in Sources */ = {isa = PBXBuildFile; fileRef = 29DC39FE1976E5E90028B541 /* TempBook.m */; };
		29DC3A011976E5EE0028B541 /* ShelfHomeViewController.m in Sources */ = {isa = PBXBuildFile; fileRef = 29DC3A001976E5EE0028B541 /* ShelfHomeViewController.m */; };
		29DC3A0B1976E7250028B541 /* AVFoundation.framework in Frameworks */ = {isa = PBXBuildFile; fileRef = 29DC3A0A1976E7250028B541 /* AVFoundation.framework */; };
		29DC3A0D1976E7390028B541 /* OpenGLES.framework in Frameworks */ = {isa = PBXBuildFile; fileRef = 29DC3A0C1976E7390028B541 /* OpenGLES.framework */; };
		29DC3A0F1976E7400028B541 /* QuartzCore.framework in Frameworks */ = {isa = PBXBuildFile; fileRef = 29DC3A0E1976E7400028B541 /* QuartzCore.framework */; };
		29DC3A111976E7470028B541 /* Security.framework in Frameworks */ = {isa = PBXBuildFile; fileRef = 29DC3A101976E7470028B541 /* Security.framework */; };
		29DC3A131976E7510028B541 /* SystemConfiguration.framework in Frameworks */ = {isa = PBXBuildFile; fileRef = 29DC3A121976E7510028B541 /* SystemConfiguration.framework */; };
/* End PBXBuildFile section */

/* Begin PBXContainerItemProxy section */
		29DC39E81976E5B70028B541 /* PBXContainerItemProxy */ = {
			isa = PBXContainerItemProxy;
			containerPortal = 29DC39C01976E5B70028B541 /* Project object */;
			proxyType = 1;
			remoteGlobalIDString = 29DC39C71976E5B70028B541;
			remoteInfo = Shelf;
		};
/* End PBXContainerItemProxy section */

/* Begin PBXFileReference section */
		297E11AB1986EC4700C95768 /* logo.png */ = {isa = PBXFileReference; lastKnownFileType = image.png; name = logo.png; path = Images/logo.png; sourceTree = "<group>"; };
		297E11AC1986EC4700C95768 /* cold0.png */ = {isa = PBXFileReference; lastKnownFileType = image.png; name = cold0.png; path = Images/cold0.png; sourceTree = "<group>"; };
		297E11AD1986EC4700C95768 /* cold1.png */ = {isa = PBXFileReference; lastKnownFileType = image.png; name = cold1.png; path = Images/cold1.png; sourceTree = "<group>"; };
		297E11AE1986EC4700C95768 /* hot0.png */ = {isa = PBXFileReference; lastKnownFileType = image.png; name = hot0.png; path = Images/hot0.png; sourceTree = "<group>"; };
		297E11AF1986EC4700C95768 /* hot1.png */ = {isa = PBXFileReference; lastKnownFileType = image.png; name = hot1.png; path = Images/hot1.png; sourceTree = "<group>"; };
		297E11B01986EC4700C95768 /* cool0.png */ = {isa = PBXFileReference; lastKnownFileType = image.png; name = cool0.png; path = Images/cool0.png; sourceTree = "<group>"; };
		297E11B11986EC4700C95768 /* ok0.png */ = {isa = PBXFileReference; lastKnownFileType = image.png; name = ok0.png; path = Images/ok0.png; sourceTree = "<group>"; };
		297E11B21986EC4700C95768 /* warm0.png */ = {isa = PBXFileReference; lastKnownFileType = image.png; name = warm0.png; path = Images/warm0.png; sourceTree = "<group>"; };
		297E11B31986EC4700C95768 /* ok1.png */ = {isa = PBXFileReference; lastKnownFileType = image.png; name = ok1.png; path = Images/ok1.png; sourceTree = "<group>"; };
		297E11B41986EC4700C95768 /* cool1.png */ = {isa = PBXFileReference; lastKnownFileType = image.png; name = cool1.png; path = Images/cool1.png; sourceTree = "<group>"; };
		297E11B51986EC4700C95768 /* warm1.png */ = {isa = PBXFileReference; lastKnownFileType = image.png; name = warm1.png; path = Images/warm1.png; sourceTree = "<group>"; };
		297E11B61986EC4700C95768 /* hot2.png */ = {isa = PBXFileReference; lastKnownFileType = image.png; name = hot2.png; path = Images/hot2.png; sourceTree = "<group>"; };
		297E11B71986EC4700C95768 /* warm2.png */ = {isa = PBXFileReference; lastKnownFileType = image.png; name = warm2.png; path = Images/warm2.png; sourceTree = "<group>"; };
		297E11B81986EC4700C95768 /* cool2.png */ = {isa = PBXFileReference; lastKnownFileType = image.png; name = cool2.png; path = Images/cool2.png; sourceTree = "<group>"; };
		297E11B91986EC4700C95768 /* cold2.png */ = {isa = PBXFileReference; lastKnownFileType = image.png; name = cold2.png; path = Images/cold2.png; sourceTree = "<group>"; };
		297E11BA1986EC4700C95768 /* ok2.png */ = {isa = PBXFileReference; lastKnownFileType = image.png; name = ok2.png; path = Images/ok2.png; sourceTree = "<group>"; };
		297E11BB1986EC4700C95768 /* Power_Button.png */ = {isa = PBXFileReference; lastKnownFileType = image.png; name = Power_Button.png; path = Images/Power_Button.png; sourceTree = "<group>"; };
		297E11BC1986EC4700C95768 /* Burger_Button.png */ = {isa = PBXFileReference; lastKnownFileType = image.png; name = Burger_Button.png; path = Images/Burger_Button.png; sourceTree = "<group>"; };
		29935F04197894E1008C67D9 /* Settings.bundle */ = {isa = PBXFileReference; lastKnownFileType = "wrapper.plug-in"; path = Settings.bundle; sourceTree = "<group>"; };
		29DC39C81976E5B70028B541 /* Shelf.app */ = {isa = PBXFileReference; explicitFileType = wrapper.application; includeInIndex = 0; path = Shelf.app; sourceTree = BUILT_PRODUCTS_DIR; };
		29DC39CB1976E5B70028B541 /* Foundation.framework */ = {isa = PBXFileReference; lastKnownFileType = wrapper.framework; name = Foundation.framework; path = System/Library/Frameworks/Foundation.framework; sourceTree = SDKROOT; };
		29DC39CD1976E5B70028B541 /* CoreGraphics.framework */ = {isa = PBXFileReference; lastKnownFileType = wrapper.framework; name = CoreGraphics.framework; path = System/Library/Frameworks/CoreGraphics.framework; sourceTree = SDKROOT; };
		29DC39CF1976E5B70028B541 /* UIKit.framework */ = {isa = PBXFileReference; lastKnownFileType = wrapper.framework; name = UIKit.framework; path = System/Library/Frameworks/UIKit.framework; sourceTree = SDKROOT; };
		29DC39D31976E5B70028B541 /* Shelf-Info.plist */ = {isa = PBXFileReference; lastKnownFileType = text.plist.xml; path = "Shelf-Info.plist"; sourceTree = "<group>"; };
		29DC39D51976E5B70028B541 /* en */ = {isa = PBXFileReference; lastKnownFileType = text.plist.strings; name = en; path = en.lproj/InfoPlist.strings; sourceTree = "<group>"; };
		29DC39D71976E5B70028B541 /* main.m */ = {isa = PBXFileReference; lastKnownFileType = sourcecode.c.objc; path = main.m; sourceTree = "<group>"; };
		29DC39D91976E5B70028B541 /* Shelf-Prefix.pch */ = {isa = PBXFileReference; lastKnownFileType = sourcecode.c.h; path = "Shelf-Prefix.pch"; sourceTree = "<group>"; };
		29DC39DA1976E5B70028B541 /* ShelfAppDelegate.h */ = {isa = PBXFileReference; lastKnownFileType = sourcecode.c.h; path = ShelfAppDelegate.h; sourceTree = "<group>"; };
		29DC39DB1976E5B70028B541 /* ShelfAppDelegate.m */ = {isa = PBXFileReference; lastKnownFileType = sourcecode.c.objc; path = ShelfAppDelegate.m; sourceTree = "<group>"; };
		29DC39DD1976E5B70028B541 /* Images.xcassets */ = {isa = PBXFileReference; lastKnownFileType = folder.assetcatalog; path = Images.xcassets; sourceTree = "<group>"; };
		29DC39E31976E5B70028B541 /* ShelfTests.xctest */ = {isa = PBXFileReference; explicitFileType = wrapper.cfbundle; includeInIndex = 0; path = ShelfTests.xctest; sourceTree = BUILT_PRODUCTS_DIR; };
		29DC39E41976E5B70028B541 /* XCTest.framework */ = {isa = PBXFileReference; lastKnownFileType = wrapper.framework; name = XCTest.framework; path = Library/Frameworks/XCTest.framework; sourceTree = DEVELOPER_DIR; };
		29DC39EC1976E5B70028B541 /* ShelfTests-Info.plist */ = {isa = PBXFileReference; lastKnownFileType = text.plist.xml; path = "ShelfTests-Info.plist"; sourceTree = "<group>"; };
		29DC39EE1976E5B70028B541 /* en */ = {isa = PBXFileReference; lastKnownFileType = text.plist.strings; name = en; path = en.lproj/InfoPlist.strings; sourceTree = "<group>"; };
		29DC39F01976E5B70028B541 /* ShelfTests.m */ = {isa = PBXFileReference; lastKnownFileType = sourcecode.c.objc; path = ShelfTests.m; sourceTree = "<group>"; };
		29DC39FA1976E5DF0028B541 /* ShelfHomeViewController.xib */ = {isa = PBXFileReference; fileEncoding = 4; lastKnownFileType = file.xib; path = ShelfHomeViewController.xib; sourceTree = "<group>"; };
		29DC39FB1976E5DF0028B541 /* ShelfHomeViewController.h */ = {isa = PBXFileReference; fileEncoding = 4; lastKnownFileType = sourcecode.c.h; path = ShelfHomeViewController.h; sourceTree = "<group>"; };
		29DC39FD1976E5E90028B541 /* TempBook.h */ = {isa = PBXFileReference; fileEncoding = 4; lastKnownFileType = sourcecode.c.h; path = TempBook.h; sourceTree = "<group>"; };
		29DC39FE1976E5E90028B541 /* TempBook.m */ = {isa = PBXFileReference; fileEncoding = 4; lastKnownFileType = sourcecode.c.objc; path = TempBook.m; sourceTree = "<group>"; };
		29DC3A001976E5EE0028B541 /* ShelfHomeViewController.m */ = {isa = PBXFileReference; fileEncoding = 4; lastKnownFileType = sourcecode.c.objc; path = ShelfHomeViewController.m; sourceTree = "<group>"; };
		29DC3A0A1976E7250028B541 /* AVFoundation.framework */ = {isa = PBXFileReference; lastKnownFileType = wrapper.framework; name = AVFoundation.framework; path = System/Library/Frameworks/AVFoundation.framework; sourceTree = SDKROOT; };
		29DC3A0C1976E7390028B541 /* OpenGLES.framework */ = {isa = PBXFileReference; lastKnownFileType = wrapper.framework; name = OpenGLES.framework; path = System/Library/Frameworks/OpenGLES.framework; sourceTree = SDKROOT; };
		29DC3A0E1976E7400028B541 /* QuartzCore.framework */ = {isa = PBXFileReference; lastKnownFileType = wrapper.framework; name = QuartzCore.framework; path = System/Library/Frameworks/QuartzCore.framework; sourceTree = SDKROOT; };
		29DC3A101976E7470028B541 /* Security.framework */ = {isa = PBXFileReference; lastKnownFileType = wrapper.framework; name = Security.framework; path = System/Library/Frameworks/Security.framework; sourceTree = SDKROOT; };
		29DC3A121976E7510028B541 /* SystemConfiguration.framework */ = {isa = PBXFileReference; lastKnownFileType = wrapper.framework; name = SystemConfiguration.framework; path = System/Library/Frameworks/SystemConfiguration.framework; sourceTree = SDKROOT; };
/* End PBXFileReference section */

/* Begin PBXFrameworksBuildPhase section */
		29DC39C51976E5B70028B541 /* Frameworks */ = {
			isa = PBXFrameworksBuildPhase;
			buildActionMask = 2147483647;
			files = (
				29DC3A131976E7510028B541 /* SystemConfiguration.framework in Frameworks */,
				29DC3A111976E7470028B541 /* Security.framework in Frameworks */,
				29DC3A0F1976E7400028B541 /* QuartzCore.framework in Frameworks */,
				29DC3A0D1976E7390028B541 /* OpenGLES.framework in Frameworks */,
				29DC3A0B1976E7250028B541 /* AVFoundation.framework in Frameworks */,
				29DC39CE1976E5B70028B541 /* CoreGraphics.framework in Frameworks */,
				29DC39D01976E5B70028B541 /* UIKit.framework in Frameworks */,
				29DC39CC1976E5B70028B541 /* Foundation.framework in Frameworks */,
			);
			runOnlyForDeploymentPostprocessing = 0;
		};
		29DC39E01976E5B70028B541 /* Frameworks */ = {
			isa = PBXFrameworksBuildPhase;
			buildActionMask = 2147483647;
			files = (
				29DC39E51976E5B70028B541 /* XCTest.framework in Frameworks */,
				29DC39E71976E5B70028B541 /* UIKit.framework in Frameworks */,
				29DC39E61976E5B70028B541 /* Foundation.framework in Frameworks */,
			);
			runOnlyForDeploymentPostprocessing = 0;
		};
/* End PBXFrameworksBuildPhase section */

/* Begin PBXGroup section */
		29935F0319787372008C67D9 /* Resources */ = {
			isa = PBXGroup;
			children = (
				297E11AB1986EC4700C95768 /* logo.png */,
				297E11BB1986EC4700C95768 /* Power_Button.png */,
				297E11BC1986EC4700C95768 /* Burger_Button.png */,
				29B8FD5C1979FCD9000E00DE /* Word Buttons */,
				29B8FD5D1979FCEE000E00DE /* Icon Buttons */,
				29B8FD5E1979FCFC000E00DE /* Face Buttons */,
				29DC39DD1976E5B70028B541 /* Images.xcassets */,
				29935F04197894E1008C67D9 /* Settings.bundle */,
			);
			name = Resources;
			sourceTree = "<group>";
		};
		29B8FD5C1979FCD9000E00DE /* Word Buttons */ = {
			isa = PBXGroup;
			children = (
				297E11AE1986EC4700C95768 /* hot0.png */,
				297E11B21986EC4700C95768 /* warm0.png */,
				297E11B11986EC4700C95768 /* ok0.png */,
				297E11B01986EC4700C95768 /* cool0.png */,
				297E11AC1986EC4700C95768 /* cold0.png */,
			);
			name = "Word Buttons";
			sourceTree = "<group>";
		};
		29B8FD5D1979FCEE000E00DE /* Icon Buttons */ = {
			isa = PBXGroup;
			children = (
				297E11AF1986EC4700C95768 /* hot1.png */,
				297E11B51986EC4700C95768 /* warm1.png */,
				297E11B31986EC4700C95768 /* ok1.png */,
				297E11B41986EC4700C95768 /* cool1.png */,
				297E11AD1986EC4700C95768 /* cold1.png */,
			);
			name = "Icon Buttons";
			sourceTree = "<group>";
		};
		29B8FD5E1979FCFC000E00DE /* Face Buttons */ = {
			isa = PBXGroup;
			children = (
				297E11B61986EC4700C95768 /* hot2.png */,
				297E11B71986EC4700C95768 /* warm2.png */,
				297E11BA1986EC4700C95768 /* ok2.png */,
				297E11B81986EC4700C95768 /* cool2.png */,
				297E11B91986EC4700C95768 /* cold2.png */,
			);
			name = "Face Buttons";
			sourceTree = "<group>";
		};
		29DC39BF1976E5B70028B541 = {
			isa = PBXGroup;
			children = (
				29DC39D11976E5B70028B541 /* Shelf */,
				29DC39EA1976E5B70028B541 /* ShelfTests */,
				29DC39CA1976E5B70028B541 /* Frameworks */,
				29DC39C91976E5B70028B541 /* Products */,
			);
			sourceTree = "<group>";
		};
		29DC39C91976E5B70028B541 /* Products */ = {
			isa = PBXGroup;
			children = (
				29DC39C81976E5B70028B541 /* Shelf.app */,
				29DC39E31976E5B70028B541 /* ShelfTests.xctest */,
			);
			name = Products;
			sourceTree = "<group>";
		};
		29DC39CA1976E5B70028B541 /* Frameworks */ = {
			isa = PBXGroup;
			children = (
				29DC3A121976E7510028B541 /* SystemConfiguration.framework */,
				29DC3A101976E7470028B541 /* Security.framework */,
				29DC3A0E1976E7400028B541 /* QuartzCore.framework */,
				29DC3A0C1976E7390028B541 /* OpenGLES.framework */,
				29DC3A0A1976E7250028B541 /* AVFoundation.framework */,
				29DC39CB1976E5B70028B541 /* Foundation.framework */,
				29DC39CD1976E5B70028B541 /* CoreGraphics.framework */,
				29DC39CF1976E5B70028B541 /* UIKit.framework */,
				29DC39E41976E5B70028B541 /* XCTest.framework */,
			);
			name = Frameworks;
			sourceTree = "<group>";
		};
		29DC39D11976E5B70028B541 /* Shelf */ = {
			isa = PBXGroup;
			children = (
				29DC39DA1976E5B70028B541 /* ShelfAppDelegate.h */,
				29DC39DB1976E5B70028B541 /* ShelfAppDelegate.m */,
				29DC39FB1976E5DF0028B541 /* ShelfHomeViewController.h */,
				29DC3A001976E5EE0028B541 /* ShelfHomeViewController.m */,
				29DC39FA1976E5DF0028B541 /* ShelfHomeViewController.xib */,
				29DC39FD1976E5E90028B541 /* TempBook.h */,
				29DC39FE1976E5E90028B541 /* TempBook.m */,
				29935F0319787372008C67D9 /* Resources */,
				29DC39D21976E5B70028B541 /* Supporting Files */,
			);
			path = Shelf;
			sourceTree = "<group>";
		};
		29DC39D21976E5B70028B541 /* Supporting Files */ = {
			isa = PBXGroup;
			children = (
				29DC39D31976E5B70028B541 /* Shelf-Info.plist */,
				29DC39D41976E5B70028B541 /* InfoPlist.strings */,
				29DC39D71976E5B70028B541 /* main.m */,
				29DC39D91976E5B70028B541 /* Shelf-Prefix.pch */,
			);
			name = "Supporting Files";
			sourceTree = "<group>";
		};
		29DC39EA1976E5B70028B541 /* ShelfTests */ = {
			isa = PBXGroup;
			children = (
				29DC39F01976E5B70028B541 /* ShelfTests.m */,
				29DC39EB1976E5B70028B541 /* Supporting Files */,
			);
			path = ShelfTests;
			sourceTree = "<group>";
		};
		29DC39EB1976E5B70028B541 /* Supporting Files */ = {
			isa = PBXGroup;
			children = (
				29DC39EC1976E5B70028B541 /* ShelfTests-Info.plist */,
				29DC39ED1976E5B70028B541 /* InfoPlist.strings */,
			);
			name = "Supporting Files";
			sourceTree = "<group>";
		};
/* End PBXGroup section */

/* Begin PBXNativeTarget section */
		29DC39C71976E5B70028B541 /* Shelf */ = {
			isa = PBXNativeTarget;
			buildConfigurationList = 29DC39F41976E5B70028B541 /* Build configuration list for PBXNativeTarget "Shelf" */;
			buildPhases = (
				29DC39C41976E5B70028B541 /* Sources */,
				29DC39C51976E5B70028B541 /* Frameworks */,
				29DC39C61976E5B70028B541 /* Resources */,
			);
			buildRules = (
			);
			dependencies = (
			);
			name = Shelf;
			productName = Shelf;
			productReference = 29DC39C81976E5B70028B541 /* Shelf.app */;
			productType = "com.apple.product-type.application";
		};
		29DC39E21976E5B70028B541 /* ShelfTests */ = {
			isa = PBXNativeTarget;
			buildConfigurationList = 29DC39F71976E5B70028B541 /* Build configuration list for PBXNativeTarget "ShelfTests" */;
			buildPhases = (
				29DC39DF1976E5B70028B541 /* Sources */,
				29DC39E01976E5B70028B541 /* Frameworks */,
				29DC39E11976E5B70028B541 /* Resources */,
			);
			buildRules = (
			);
			dependencies = (
				29DC39E91976E5B70028B541 /* PBXTargetDependency */,
			);
			name = ShelfTests;
			productName = ShelfTests;
			productReference = 29DC39E31976E5B70028B541 /* ShelfTests.xctest */;
			productType = "com.apple.product-type.bundle.unit-test";
		};
/* End PBXNativeTarget section */

/* Begin PBXProject section */
		29DC39C01976E5B70028B541 /* Project object */ = {
			isa = PBXProject;
			attributes = {
				CLASSPREFIX = Shelf;
				LastUpgradeCheck = 0510;
				TargetAttributes = {
					29DC39E21976E5B70028B541 = {
						TestTargetID = 29DC39C71976E5B70028B541;
					};
				};
			};
			buildConfigurationList = 29DC39C31976E5B70028B541 /* Build configuration list for PBXProject "Shelf" */;
			compatibilityVersion = "Xcode 3.2";
			developmentRegion = English;
			hasScannedForEncodings = 0;
			knownRegions = (
				en,
			);
			mainGroup = 29DC39BF1976E5B70028B541;
			productRefGroup = 29DC39C91976E5B70028B541 /* Products */;
			projectDirPath = "";
			projectRoot = "";
			targets = (
				29DC39C71976E5B70028B541 /* Shelf */,
				29DC39E21976E5B70028B541 /* ShelfTests */,
			);
		};
/* End PBXProject section */

/* Begin PBXResourcesBuildPhase section */
		29DC39C61976E5B70028B541 /* Resources */ = {
			isa = PBXResourcesBuildPhase;
			buildActionMask = 2147483647;
			files = (
				297E11C31986EC4700C95768 /* ok0.png in Resources */,
				297E11C81986EC4700C95768 /* hot2.png in Resources */,
				29DC39D61976E5B70028B541 /* InfoPlist.strings in Resources */,
				297E11CC1986EC4700C95768 /* ok2.png in Resources */,
				297E11CA1986EC4700C95768 /* cool2.png in Resources */,
				297E11C01986EC4700C95768 /* hot0.png in Resources */,
				297E11C51986EC4700C95768 /* ok1.png in Resources */,
				297E11C21986EC4700C95768 /* cool0.png in Resources */,
				297E11CE1986EC4700C95768 /* Burger_Button.png in Resources */,
				29DC39FC1976E5DF0028B541 /* ShelfHomeViewController.xib in Resources */,
				297E11CB1986EC4700C95768 /* cold2.png in Resources */,
				297E11BE1986EC4700C95768 /* cold0.png in Resources */,
				297E11C61986EC4700C95768 /* cool1.png in Resources */,
				297E11C71986EC4700C95768 /* warm1.png in Resources */,
				29935F05197894E1008C67D9 /* Settings.bundle in Resources */,
				29DC39DE1976E5B70028B541 /* Images.xcassets in Resources */,
				297E11C11986EC4700C95768 /* hot1.png in Resources */,
				297E11BF1986EC4700C95768 /* cold1.png in Resources */,
				297E11C91986EC4700C95768 /* warm2.png in Resources */,
				297E11C41986EC4700C95768 /* warm0.png in Resources */,
				297E11CD1986EC4700C95768 /* Power_Button.png in Resources */,
				297E11BD1986EC4700C95768 /* logo.png in Resources */,
			);
			runOnlyForDeploymentPostprocessing = 0;
		};
		29DC39E11976E5B70028B541 /* Resources */ = {
			isa = PBXResourcesBuildPhase;
			buildActionMask = 2147483647;
			files = (
				29DC39EF1976E5B70028B541 /* InfoPlist.strings in Resources */,
			);
			runOnlyForDeploymentPostprocessing = 0;
		};
/* End PBXResourcesBuildPhase section */

/* Begin PBXSourcesBuildPhase section */
		29DC39C41976E5B70028B541 /* Sources */ = {
			isa = PBXSourcesBuildPhase;
			buildActionMask = 2147483647;
			files = (
				29DC39FF1976E5E90028B541 /* TempBook.m in Sources */,
				29DC3A011976E5EE0028B541 /* ShelfHomeViewController.m in Sources */,
				29DC39D81976E5B70028B541 /* main.m in Sources */,
				29DC39DC1976E5B70028B541 /* ShelfAppDelegate.m in Sources */,
			);
			runOnlyForDeploymentPostprocessing = 0;
		};
		29DC39DF1976E5B70028B541 /* Sources */ = {
			isa = PBXSourcesBuildPhase;
			buildActionMask = 2147483647;
			files = (
				29DC39F11976E5B70028B541 /* ShelfTests.m in Sources */,
			);
			runOnlyForDeploymentPostprocessing = 0;
		};
/* End PBXSourcesBuildPhase section */

/* Begin PBXTargetDependency section */
		29DC39E91976E5B70028B541 /* PBXTargetDependency */ = {
			isa = PBXTargetDependency;
			target = 29DC39C71976E5B70028B541 /* Shelf */;
			targetProxy = 29DC39E81976E5B70028B541 /* PBXContainerItemProxy */;
		};
/* End PBXTargetDependency section */

/* Begin PBXVariantGroup section */
		29DC39D41976E5B70028B541 /* InfoPlist.strings */ = {
			isa = PBXVariantGroup;
			children = (
				29DC39D51976E5B70028B541 /* en */,
			);
			name = InfoPlist.strings;
			sourceTree = "<group>";
		};
		29DC39ED1976E5B70028B541 /* InfoPlist.strings */ = {
			isa = PBXVariantGroup;
			children = (
				29DC39EE1976E5B70028B541 /* en */,
			);
			name = InfoPlist.strings;
			sourceTree = "<group>";
		};
/* End PBXVariantGroup section */

/* Begin XCBuildConfiguration section */
		29DC39F21976E5B70028B541 /* Debug */ = {
			isa = XCBuildConfiguration;
			buildSettings = {
				ALWAYS_SEARCH_USER_PATHS = NO;
				CLANG_CXX_LANGUAGE_STANDARD = "gnu++0x";
				CLANG_CXX_LIBRARY = "libc++";
				CLANG_ENABLE_MODULES = YES;
				CLANG_ENABLE_OBJC_ARC = YES;
				CLANG_WARN_BOOL_CONVERSION = YES;
				CLANG_WARN_CONSTANT_CONVERSION = YES;
				CLANG_WARN_DIRECT_OBJC_ISA_USAGE = YES_ERROR;
				CLANG_WARN_EMPTY_BODY = YES;
				CLANG_WARN_ENUM_CONVERSION = YES;
				CLANG_WARN_INT_CONVERSION = YES;
				CLANG_WARN_OBJC_ROOT_CLASS = YES_ERROR;
				CLANG_WARN__DUPLICATE_METHOD_MATCH = YES;
				"CODE_SIGN_IDENTITY[sdk=iphoneos*]" = "iPhone Developer";
				COPY_PHASE_STRIP = NO;
				GCC_C_LANGUAGE_STANDARD = gnu99;
				GCC_DYNAMIC_NO_PIC = NO;
				GCC_OPTIMIZATION_LEVEL = 0;
				GCC_PREPROCESSOR_DEFINITIONS = (
					"DEBUG=1",
					"$(inherited)",
				);
				GCC_SYMBOLS_PRIVATE_EXTERN = NO;
				GCC_WARN_64_TO_32_BIT_CONVERSION = YES;
				GCC_WARN_ABOUT_RETURN_TYPE = YES_ERROR;
				GCC_WARN_UNDECLARED_SELECTOR = YES;
				GCC_WARN_UNINITIALIZED_AUTOS = YES_AGGRESSIVE;
				GCC_WARN_UNUSED_FUNCTION = YES;
				GCC_WARN_UNUSED_VARIABLE = YES;
				IPHONEOS_DEPLOYMENT_TARGET = 7.1;
				ONLY_ACTIVE_ARCH = YES;
				SDKROOT = iphoneos;
				TARGETED_DEVICE_FAMILY = "1,2";
			};
			name = Debug;
		};
		29DC39F31976E5B70028B541 /* Release */ = {
			isa = XCBuildConfiguration;
			buildSettings = {
				ALWAYS_SEARCH_USER_PATHS = NO;
				CLANG_CXX_LANGUAGE_STANDARD = "gnu++0x";
				CLANG_CXX_LIBRARY = "libc++";
				CLANG_ENABLE_MODULES = YES;
				CLANG_ENABLE_OBJC_ARC = YES;
				CLANG_WARN_BOOL_CONVERSION = YES;
				CLANG_WARN_CONSTANT_CONVERSION = YES;
				CLANG_WARN_DIRECT_OBJC_ISA_USAGE = YES_ERROR;
				CLANG_WARN_EMPTY_BODY = YES;
				CLANG_WARN_ENUM_CONVERSION = YES;
				CLANG_WARN_INT_CONVERSION = YES;
				CLANG_WARN_OBJC_ROOT_CLASS = YES_ERROR;
				CLANG_WARN__DUPLICATE_METHOD_MATCH = YES;
				"CODE_SIGN_IDENTITY[sdk=iphoneos*]" = "iPhone Developer";
				COPY_PHASE_STRIP = YES;
				ENABLE_NS_ASSERTIONS = NO;
				GCC_C_LANGUAGE_STANDARD = gnu99;
				GCC_WARN_64_TO_32_BIT_CONVERSION = YES;
				GCC_WARN_ABOUT_RETURN_TYPE = YES_ERROR;
				GCC_WARN_UNDECLARED_SELECTOR = YES;
				GCC_WARN_UNINITIALIZED_AUTOS = YES_AGGRESSIVE;
				GCC_WARN_UNUSED_FUNCTION = YES;
				GCC_WARN_UNUSED_VARIABLE = YES;
				IPHONEOS_DEPLOYMENT_TARGET = 7.1;
				SDKROOT = iphoneos;
				TARGETED_DEVICE_FAMILY = "1,2";
				VALIDATE_PRODUCT = YES;
			};
			name = Release;
		};
		29DC39F51976E5B70028B541 /* Debug */ = {
			isa = XCBuildConfiguration;
			buildSettings = {
				ASSETCATALOG_COMPILER_APPICON_NAME = AppIcon;
				ASSETCATALOG_COMPILER_LAUNCHIMAGE_NAME = LaunchImage;
				FRAMEWORK_SEARCH_PATHS = (
					"$(inherited)",
					"$(PROJECT_DIR)",
				);
				GCC_PRECOMPILE_PREFIX_HEADER = YES;
				GCC_PREFIX_HEADER = "Shelf/Shelf-Prefix.pch";
				GCC_WARN_UNUSED_VARIABLE = NO;
				INFOPLIST_FILE = "Shelf/Shelf-Info.plist";
				"OTHER_LDFLAGS[arch=*]" = "-ObjC";
				PRODUCT_NAME = "$(TARGET_NAME)";
				TARGETED_DEVICE_FAMILY = 1;
				WRAPPER_EXTENSION = app;
			};
			name = Debug;
		};
		29DC39F61976E5B70028B541 /* Release */ = {
			isa = XCBuildConfiguration;
			buildSettings = {
				ASSETCATALOG_COMPILER_APPICON_NAME = AppIcon;
				ASSETCATALOG_COMPILER_LAUNCHIMAGE_NAME = LaunchImage;
				FRAMEWORK_SEARCH_PATHS = (
					"$(inherited)",
					"$(PROJECT_DIR)",
				);
				GCC_PRECOMPILE_PREFIX_HEADER = YES;
				GCC_PREFIX_HEADER = "Shelf/Shelf-Prefix.pch";
				GCC_WARN_UNUSED_VARIABLE = NO;
				INFOPLIST_FILE = "Shelf/Shelf-Info.plist";
				"OTHER_LDFLAGS[arch=*]" = "-ObjC";
				PRODUCT_NAME = "$(TARGET_NAME)";
				TARGETED_DEVICE_FAMILY = 1;
				WRAPPER_EXTENSION = app;
			};
			name = Release;
		};
		29DC39F81976E5B70028B541 /* Debug */ = {
			isa = XCBuildConfiguration;
			buildSettings = {
				BUNDLE_LOADER = "$(BUILT_PRODUCTS_DIR)/Shelf.app/Shelf";
				FRAMEWORK_SEARCH_PATHS = (
					"$(SDKROOT)/Developer/Library/Frameworks",
					"$(inherited)",
					"$(DEVELOPER_FRAMEWORKS_DIR)",
				);
				GCC_PRECOMPILE_PREFIX_HEADER = YES;
				GCC_PREFIX_HEADER = "Shelf/Shelf-Prefix.pch";
				GCC_PREPROCESSOR_DEFINITIONS = (
					"DEBUG=1",
					"$(inherited)",
				);
				INFOPLIST_FILE = "ShelfTests/ShelfTests-Info.plist";
				PRODUCT_NAME = "$(TARGET_NAME)";
				TEST_HOST = "$(BUNDLE_LOADER)";
				WRAPPER_EXTENSION = xctest;
			};
			name = Debug;
		};
		29DC39F91976E5B70028B541 /* Release */ = {
			isa = XCBuildConfiguration;
			buildSettings = {
				BUNDLE_LOADER = "$(BUILT_PRODUCTS_DIR)/Shelf.app/Shelf";
				FRAMEWORK_SEARCH_PATHS = (
					"$(SDKROOT)/Developer/Library/Frameworks",
					"$(inherited)",
					"$(DEVELOPER_FRAMEWORKS_DIR)",
				);
				GCC_PRECOMPILE_PREFIX_HEADER = YES;
				GCC_PREFIX_HEADER = "Shelf/Shelf-Prefix.pch";
				INFOPLIST_FILE = "ShelfTests/ShelfTests-Info.plist";
				PRODUCT_NAME = "$(TARGET_NAME)";
				TEST_HOST = "$(BUNDLE_LOADER)";
				WRAPPER_EXTENSION = xctest;
			};
			name = Release;
		};
/* End XCBuildConfiguration section */

/* Begin XCConfigurationList section */
		29DC39C31976E5B70028B541 /* Build configuration list for PBXProject "Shelf" */ = {
			isa = XCConfigurationList;
			buildConfigurations = (
				29DC39F21976E5B70028B541 /* Debug */,
				29DC39F31976E5B70028B541 /* Release */,
			);
			defaultConfigurationIsVisible = 0;
			defaultConfigurationName = Release;
		};
		29DC39F41976E5B70028B541 /* Build configuration list for PBXNativeTarget "Shelf" */ = {
			isa = XCConfigurationList;
			buildConfigurations = (
				29DC39F51976E5B70028B541 /* Debug */,
				29DC39F61976E5B70028B541 /* Release */,
			);
			defaultConfigurationIsVisible = 0;
			defaultConfigurationName = Release;
		};
		29DC39F71976E5B70028B541 /* Build configuration list for PBXNativeTarget "ShelfTests" */ = {
			isa = XCConfigurationList;
			buildConfigurations = (
				29DC39F81976E5B70028B541 /* Debug */,
				29DC39F91976E5B70028B541 /* Release */,
			);
			defaultConfigurationIsVisible = 0;
			defaultConfigurationName = Release;
		};
/* End XCConfigurationList section */
	};
	rootObject = 29DC39C01976E5B70028B541 /* Project object */;
}
